# This file was autogenerated by Stack.
# You should not edit this file by hand.
# For more information, please see the documentation at:
#   https://docs.haskellstack.org/en/stable/lock_files

packages:
- completed:
    hackage: grid-7.8.12@sha256:4f57cd21e02eba8caa1abf6adace1b8236cf368652427e5133425d17876dc60d,1981
    pantry-tree:
      sha256: 1de78a783f9a4b174ba7979960a0848cdd209324899231ba1fcb4d5f83e3168f
      size: 1926
  original:
    hackage: grid-7.8.12
snapshots:
- completed:
    sha256: 91139b0de6b320b13e27d5e6e6c368e239974b06fb9dc86d8d96da08697972ac
    size: 495203
    url: https://raw.githubusercontent.com/commercialhaskell/stackage-snapshots/master/lts/13/8.yaml
  original: lts-13.8
